{
  "name": "yup",
  "version": "1.0.0",
  "lockfileVersion": 2,
  "requires": true,
  "packages": {
    "": {
      "name": "yup",
      "version": "1.0.0",
      "hasInstallScript": true,
      "license": "ISC",
      "workspaces": [
        "packages/a",
        "packages/b",
        "packages/z"
      ],
      "devDependencies": {
        "workaround-broken-npm-prepack-behavior": "https://github.com/cspotcode/workaround-broken-npm-prepack-behavior#59e32763ce19d087062b6ce287a21ee00d9a7187"
      }
    },
    "node_modules/a": {
      "resolved": "packages/a",
      "link": true
    },
    "node_modules/abbrev": {
      "version": "2.0.0",
      "resolved": "https://registry.npmjs.org/abbrev/-/abbrev-2.0.0.tgz",
      "integrity": "sha512-6/mh1E2u2YgEsCHdY0Yx5oW+61gZU+1vXaoiHHrpKeuRNNgFvS+/jrwHiQhB5apAf5oB7UB7E19ol2R2LKH8hQ==",
      "engines": {
        "node": "^14.17.0 || ^16.13.0 || >=18.0.0"
      }
    },
    "node_modules/b": {
      "resolved": "packages/b",
      "link": true
    },
    "node_modules/workaround-broken-npm-prepack-behavior": {
      "version": "0.0.1",
      "resolved": "git+ssh://git@github.com/cspotcode/workaround-broken-npm-prepack-behavior.git#59e32763ce19d087062b6ce287a21ee00d9a7187",
      "integrity": "sha512-l6FWY0d6QpF6sLOkh6k6y6srhcygaEGQQgs8FbpIGrj5SNLw8NVRwKzvwOC9JEm2USDIy1nMEDglDK38Pm5bnQ==",
      "dev": true,
      "bin": {
        "workaround-broken-npm-prepack-behavior": "bin.mjs"
      }
    },
    "node_modules/z": {
      "resolved": "packages/z",
      "link": true
    },
    "packages/a": {
      "version": "1.0.0",
      "license": "ISC",
      "dependencies": {
        "abbrev": "^2.0.0"
      }
    },
    "packages/b": {
      "version": "1.0.0",
      "license": "ISC",
      "devDependencies": {}
    },
    "packages/z": {
      "version": "1.0.0",
      "license": "ISC",
      "devDependencies": {}
    }
  },
  "dependencies": {
    "a": {
      "version": "file:packages/a",
      "requires": {
        "abbrev": "^2.0.0"
      }
    },
    "abbrev": {
      "version": "2.0.0",
      "resolved": "https://registry.npmjs.org/abbrev/-/abbrev-2.0.0.tgz",
      "integrity": "sha512-6/mh1E2u2YgEsCHdY0Yx5oW+61gZU+1vXaoiHHrpKeuRNNgFvS+/jrwHiQhB5apAf5oB7UB7E19ol2R2LKH8hQ=="
    },
    "b": {
      "version": "file:packages/b"
    },
    "workaround-broken-npm-prepack-behavior": {
      "version": "git+ssh://git@github.com/cspotcode/workaround-broken-npm-prepack-behavior.git#59e32763ce19d087062b6ce287a21ee00d9a7187",
      "integrity": "sha512-l6FWY0d6QpF6sLOkh6k6y6srhcygaEGQQgs8FbpIGrj5SNLw8NVRwKzvwOC9JEm2USDIy1nMEDglDK38Pm5bnQ==",
      "dev": true,
      "from": "workaround-broken-npm-prepack-behavior@https://github.com/cspotcode/workaround-broken-npm-prepack-behavior#59e32763ce19d087062b6ce287a21ee00d9a7187"
    },
    "z": {
      "version": "file:packages/z"
    }
  }
}
