{
  "name": "yup",
  "version": "1.0.0",
  "lockfileVersion": 2,
  "requires": true,
  "packages": {
    "": {
      "name": "yup",
      "version": "1.0.0",
      "license": "ISC",
      "workspaces": [
        "packages/a",
        "packages/b",
        "packages/z"
      ]
    },
    "node_modules/a": {
      "resolved": "packages/a",
      "link": true
    },
    "node_modules/abbrev": {
      "version": "2.0.0",
      "resolved": "https://registry.npmjs.org/abbrev/-/abbrev-2.0.0.tgz",
      "integrity": "sha512-6/mh1E2u2YgEsCHdY0Yx5oW+61gZU+1vXaoiHHrpKeuRNNgFvS+/jrwHiQhB5apAf5oB7UB7E19ol2R2LKH8hQ==",
      "engines": {
        "node": "^14.17.0 || ^16.13.0 || >=18.0.0"
      }
    },
    "node_modules/b": {
      "resolved": "packages/b",
      "link": true
    },
    "node_modules/z": {
      "resolved": "packages/z",
      "link": true
    },
    "packages/a": {
      "version": "1.0.0",
      "license": "ISC",
      "dependencies": {
        "abbrev": "^2.0.0"
      }
    },
    "packages/b": {
      "version": "1.0.0",
      "license": "ISC",
      "devDependencies": {}
    },
    "packages/z": {
      "version": "1.0.0",
      "license": "ISC",
      "devDependencies": {}
    }
  },
  "dependencies": {
    "a": {
      "version": "file:packages/a",
      "requires": {
        "abbrev": "^2.0.0"
      }
    },
    "abbrev": {
      "version": "2.0.0",
      "resolved": "https://registry.npmjs.org/abbrev/-/abbrev-2.0.0.tgz",
      "integrity": "sha512-6/mh1E2u2YgEsCHdY0Yx5oW+61gZU+1vXaoiHHrpKeuRNNgFvS+/jrwHiQhB5apAf5oB7UB7E19ol2R2LKH8hQ=="
    },
    "b": {
      "version": "file:packages/b"
    },
    "z": {
      "version": "file:packages/z"
    }
  }
}
